
Microsoft Visual Studio Solution File, Format Version 12.00
# Visual Studio 15
VisualStudioVersion = 15.0.26730.16
MinimumVisualStudioVersion = 10.0.40219.1
Project("{FAE04EC0-301F-11D3-BF4B-00C04F79EFBC}") = "ASS_SQL", "ASS_SQL\ASS_SQL.csproj", "{E36BB79B-0E69-447B-BD44-7C0DFB7DF924}"
EndProject
Global
	GlobalSection(SolutionConfigurationPlatforms) = preSolution
		Debug|Any CPU = Debug|Any CPU
		Release|Any CPU = Release|Any CPU
	EndGlobalSection
	GlobalSection(ProjectConfigurationPlatforms) = postSolution
		{E36BB79B-0E69-447B-BD44-7C0DFB7DF924}.Debug|Any CPU.ActiveCfg = Debug|Any CPU
		{E36BB79B-0E69-447B-BD44-7C0DFB7DF924}.Debug|Any CPU.Build.0 = Debug|Any CPU
		{E36BB79B-0E69-447B-BD44-7C0DFB7DF924}.Release|Any CPU.ActiveCfg = Release|Any CPU
		{E36BB79B-0E69-447B-BD44-7C0DFB7DF924}.Release|Any CPU.Build.0 = Release|Any CPU
	EndGlobalSection
	GlobalSection(SolutionProperties) = preSolution
		HideSolutionNode = FALSE
	EndGlobalSection
	GlobalSection(ExtensibilityGlobals) = postSolution
		SolutionGuid = {459D6CC1-99D2-429C-8D90-C6D4C2EF49F7}
	EndGlobalSection
EndGlobal
